
Microsoft Visual Studio Solution File, Format Version 12.00
# Visual Studio Version 17
VisualStudioVersion = 17.11.35327.3
MinimumVisualStudioVersion = 10.0.40219.1
Project("{FAE04EC0-301F-11D3-BF4B-00C04F79EFBC}") = "Lab06", "Lab06\Lab06.csproj", "{1DEB475D-9F68-4653-867F-4AACD7DD061D}"
EndProject
Global
	GlobalSection(SolutionConfigurationPlatforms) = preSolution
		Debug|Any CPU = Debug|Any CPU
		Release|Any CPU = Release|Any CPU
	EndGlobalSection
	GlobalSection(ProjectConfigurationPlatforms) = postSolution
		{1DEB475D-9F68-4653-867F-4AACD7DD061D}.Debug|Any CPU.ActiveCfg = Debug|Any CPU
		{1DEB475D-9F68-4653-867F-4AACD7DD061D}.Debug|Any CPU.Build.0 = Debug|Any CPU
		{1DEB475D-9F68-4653-867F-4AACD7DD061D}.Release|Any CPU.ActiveCfg = Release|Any CPU
		{1DEB475D-9F68-4653-867F-4AACD7DD061D}.Release|Any CPU.Build.0 = Release|Any CPU
	EndGlobalSection
	GlobalSection(SolutionProperties) = preSolution
		HideSolutionNode = FALSE
	EndGlobalSection
	GlobalSection(ExtensibilityGlobals) = postSolution
		SolutionGuid = {22A6DAD9-7BF0-43FB-ADA2-E30FAB71E000}
	EndGlobalSection
EndGlobal
